// !$*UTF8*$!
{
	archiveVersion = 1;
	classes = {
	};
	objectVersion = 50;
	objects = {

/* Begin PBXBuildFile section */
		ADBB7BB825A4E4D30081C6AB /* AppDelegate.swift in Sources */ = {isa = PBXBuildFile; fileRef = ADBB7BB725A4E4D30081C6AB /* AppDelegate.swift */; };
		ADBB7BBA25A4E4D30081C6AB /* SceneDelegate.swift in Sources */ = {isa = PBXBuildFile; fileRef = ADBB7BB925A4E4D30081C6AB /* SceneDelegate.swift */; };
		ADBB7BBC25A4E4D30081C6AB /* ViewController.swift in Sources */ = {isa = PBXBuildFile; fileRef = ADBB7BBB25A4E4D30081C6AB /* ViewController.swift */; };
		ADBB7BC125A4E4D40081C6AB /* Assets.xcassets in Resources */ = {isa = PBXBuildFile; fileRef = ADBB7BC025A4E4D40081C6AB /* Assets.xcassets */; };
		ADBB7BC425A4E4D40081C6AB /* LaunchScreen.storyboard in Resources */ = {isa = PBXBuildFile; fileRef = ADBB7BC225A4E4D40081C6AB /* LaunchScreen.storyboard */; };
		ADBB7BCF25A4E7D60081C6AB /* UINavigationController+.swift in Sources */ = {isa = PBXBuildFile; fileRef = ADBB7BCE25A4E7D60081C6AB /* UINavigationController+.swift */; };
		ADEF51B325A62FDA00C78DEA /* ViewControllerPresentation.swift in Sources */ = {isa = PBXBuildFile; fileRef = ADEF51B225A62FDA00C78DEA /* ViewControllerPresentation.swift */; };
		ADEF51B825A6342900C78DEA /* VCDataSource.swift in Sources */ = {isa = PBXBuildFile; fileRef = ADEF51B725A6342900C78DEA /* VCDataSource.swift */; };
		ADEF51BC25A634DE00C78DEA /* CharactersCollectionViewCell.swift in Sources */ = {isa = PBXBuildFile; fileRef = ADEF51BB25A634DE00C78DEA /* CharactersCollectionViewCell.swift */; };
/* End PBXBuildFile section */

/* Begin PBXFileReference section */
		ADBB7BB425A4E4D30081C6AB /* app-without-storyboard.app */ = {isa = PBXFileReference; explicitFileType = wrapper.application; includeInIndex = 0; path = "app-without-storyboard.app"; sourceTree = BUILT_PRODUCTS_DIR; };
		ADBB7BB725A4E4D30081C6AB /* AppDelegate.swift */ = {isa = PBXFileReference; lastKnownFileType = sourcecode.swift; path = AppDelegate.swift; sourceTree = "<group>"; };
		ADBB7BB925A4E4D30081C6AB /* SceneDelegate.swift */ = {isa = PBXFileReference; lastKnownFileType = sourcecode.swift; path = SceneDelegate.swift; sourceTree = "<group>"; };
		ADBB7BBB25A4E4D30081C6AB /* ViewController.swift */ = {isa = PBXFileReference; lastKnownFileType = sourcecode.swift; path = ViewController.swift; sourceTree = "<group>"; };
		ADBB7BC025A4E4D40081C6AB /* Assets.xcassets */ = {isa = PBXFileReference; lastKnownFileType = folder.assetcatalog; path = Assets.xcassets; sourceTree = "<group>"; };
		ADBB7BC325A4E4D40081C6AB /* Base */ = {isa = PBXFileReference; lastKnownFileType = file.storyboard; name = Base; path = Base.lproj/LaunchScreen.storyboard; sourceTree = "<group>"; };
		ADBB7BC525A4E4D40081C6AB /* Info.plist */ = {isa = PBXFileReference; lastKnownFileType = text.plist.xml; path = Info.plist; sourceTree = "<group>"; };
		ADBB7BCE25A4E7D60081C6AB /* UINavigationController+.swift */ = {isa = PBXFileReference; lastKnownFileType = sourcecode.swift; path = "UINavigationController+.swift"; sourceTree = "<group>"; };
		ADEF51B225A62FDA00C78DEA /* ViewControllerPresentation.swift */ = {isa = PBXFileReference; lastKnownFileType = sourcecode.swift; path = ViewControllerPresentation.swift; sourceTree = "<group>"; };
		ADEF51B725A6342900C78DEA /* VCDataSource.swift */ = {isa = PBXFileReference; lastKnownFileType = sourcecode.swift; path = VCDataSource.swift; sourceTree = "<group>"; };
		ADEF51BB25A634DE00C78DEA /* CharactersCollectionViewCell.swift */ = {isa = PBXFileReference; lastKnownFileType = sourcecode.swift; path = CharactersCollectionViewCell.swift; sourceTree = "<group>"; };
/* End PBXFileReference section */

/* Begin PBXFrameworksBuildPhase section */
		ADBB7BB125A4E4D30081C6AB /* Frameworks */ = {
			isa = PBXFrameworksBuildPhase;
			buildActionMask = 2147483647;
			files = (
			);
			runOnlyForDeploymentPostprocessing = 0;
		};
/* End PBXFrameworksBuildPhase section */

/* Begin PBXGroup section */
		ADBB7BAB25A4E4D30081C6AB = {
			isa = PBXGroup;
			children = (
				ADBB7BB625A4E4D30081C6AB /* app-without-storyboard */,
				ADBB7BB525A4E4D30081C6AB /* Products */,
			);
			sourceTree = "<group>";
		};
		ADBB7BB525A4E4D30081C6AB /* Products */ = {
			isa = PBXGroup;
			children = (
				ADBB7BB425A4E4D30081C6AB /* app-without-storyboard.app */,
			);
			name = Products;
			sourceTree = "<group>";
		};
		ADBB7BB625A4E4D30081C6AB /* app-without-storyboard */ = {
			isa = PBXGroup;
			children = (
				ADEF51B125A62FC200C78DEA /* Presentation */,
				ADBB7BCD25A4E7C00081C6AB /* Extensions */,
				ADBB7BB725A4E4D30081C6AB /* AppDelegate.swift */,
				ADBB7BB925A4E4D30081C6AB /* SceneDelegate.swift */,
				ADBB7BC025A4E4D40081C6AB /* Assets.xcassets */,
				ADBB7BC225A4E4D40081C6AB /* LaunchScreen.storyboard */,
				ADBB7BC525A4E4D40081C6AB /* Info.plist */,
			);
			path = "app-without-storyboard";
			sourceTree = "<group>";
		};
		ADBB7BCD25A4E7C00081C6AB /* Extensions */ = {
			isa = PBXGroup;
			children = (
				ADBB7BCE25A4E7D60081C6AB /* UINavigationController+.swift */,
			);
			path = Extensions;
			sourceTree = "<group>";
		};
		ADEF51B125A62FC200C78DEA /* Presentation */ = {
			isa = PBXGroup;
			children = (
				ADEF51BA25A634A700C78DEA /* Views */,
				ADEF51B625A6340E00C78DEA /* DataSource */,
				ADBB7BBB25A4E4D30081C6AB /* ViewController.swift */,
				ADEF51B225A62FDA00C78DEA /* ViewControllerPresentation.swift */,
			);
			path = Presentation;
			sourceTree = "<group>";
		};
		ADEF51B625A6340E00C78DEA /* DataSource */ = {
			isa = PBXGroup;
			children = (
				ADEF51B725A6342900C78DEA /* VCDataSource.swift */,
			);
			path = DataSource;
			sourceTree = "<group>";
		};
		ADEF51BA25A634A700C78DEA /* Views */ = {
			isa = PBXGroup;
			children = (
				ADEF51BB25A634DE00C78DEA /* CharactersCollectionViewCell.swift */,
			);
			path = Views;
			sourceTree = "<group>";
		};
/* End PBXGroup section */

/* Begin PBXNativeTarget section */
		ADBB7BB325A4E4D30081C6AB /* app-without-storyboard */ = {
			isa = PBXNativeTarget;
			buildConfigurationList = ADBB7BC825A4E4D40081C6AB /* Build configuration list for PBXNativeTarget "app-without-storyboard" */;
			buildPhases = (
				ADBB7BB025A4E4D30081C6AB /* Sources */,
				ADBB7BB125A4E4D30081C6AB /* Frameworks */,
				ADBB7BB225A4E4D30081C6AB /* Resources */,
			);
			buildRules = (
			);
			dependencies = (
			);
			name = "app-without-storyboard";
			productName = "app-without-storyboard";
			productReference = ADBB7BB425A4E4D30081C6AB /* app-without-storyboard.app */;
			productType = "com.apple.product-type.application";
		};
/* End PBXNativeTarget section */

/* Begin PBXProject section */
		ADBB7BAC25A4E4D30081C6AB /* Project object */ = {
			isa = PBXProject;
			attributes = {
				LastSwiftUpdateCheck = 1210;
				LastUpgradeCheck = 1210;
				TargetAttributes = {
					ADBB7BB325A4E4D30081C6AB = {
						CreatedOnToolsVersion = 12.1;
					};
				};
			};
			buildConfigurationList = ADBB7BAF25A4E4D30081C6AB /* Build configuration list for PBXProject "app-without-storyboard" */;
			compatibilityVersion = "Xcode 9.3";
			developmentRegion = en;
			hasScannedForEncodings = 0;
			knownRegions = (
				en,
				Base,
			);
			mainGroup = ADBB7BAB25A4E4D30081C6AB;
			productRefGroup = ADBB7BB525A4E4D30081C6AB /* Products */;
			projectDirPath = "";
			projectRoot = "";
			targets = (
				ADBB7BB325A4E4D30081C6AB /* app-without-storyboard */,
			);
		};
/* End PBXProject section */

/* Begin PBXResourcesBuildPhase section */
		ADBB7BB225A4E4D30081C6AB /* Resources */ = {
			isa = PBXResourcesBuildPhase;
			buildActionMask = 2147483647;
			files = (
				ADBB7BC425A4E4D40081C6AB /* LaunchScreen.storyboard in Resources */,
				ADBB7BC125A4E4D40081C6AB /* Assets.xcassets in Resources */,
			);
			runOnlyForDeploymentPostprocessing = 0;
		};
/* End PBXResourcesBuildPhase section */

/* Begin PBXSourcesBuildPhase section */
		ADBB7BB025A4E4D30081C6AB /* Sources */ = {
			isa = PBXSourcesBuildPhase;
			buildActionMask = 2147483647;
			files = (
				ADEF51BC25A634DE00C78DEA /* CharactersCollectionViewCell.swift in Sources */,
				ADEF51B325A62FDA00C78DEA /* ViewControllerPresentation.swift in Sources */,
				ADBB7BBC25A4E4D30081C6AB /* ViewController.swift in Sources */,
				ADBB7BCF25A4E7D60081C6AB /* UINavigationController+.swift in Sources */,
				ADBB7BB825A4E4D30081C6AB /* AppDelegate.swift in Sources */,
				ADBB7BBA25A4E4D30081C6AB /* SceneDelegate.swift in Sources */,
				ADEF51B825A6342900C78DEA /* VCDataSource.swift in Sources */,
			);
			runOnlyForDeploymentPostprocessing = 0;
		};
/* End PBXSourcesBuildPhase section */

/* Begin PBXVariantGroup section */
		ADBB7BC225A4E4D40081C6AB /* LaunchScreen.storyboard */ = {
			isa = PBXVariantGroup;
			children = (
				ADBB7BC325A4E4D40081C6AB /* Base */,
			);
			name = LaunchScreen.storyboard;
			sourceTree = "<group>";
		};
/* End PBXVariantGroup section */

/* Begin XCBuildConfiguration section */
		ADBB7BC625A4E4D40081C6AB /* Debug */ = {
			isa = XCBuildConfiguration;
			buildSettings = {
				ALWAYS_SEARCH_USER_PATHS = NO;
				CLANG_ANALYZER_NONNULL = YES;
				CLANG_ANALYZER_NUMBER_OBJECT_CONVERSION = YES_AGGRESSIVE;
				CLANG_CXX_LANGUAGE_STANDARD = "gnu++14";
				CLANG_CXX_LIBRARY = "libc++";
				CLANG_ENABLE_MODULES = YES;
				CLANG_ENABLE_OBJC_ARC = YES;
				CLANG_ENABLE_OBJC_WEAK = YES;
				CLANG_WARN_BLOCK_CAPTURE_AUTORELEASING = YES;
				CLANG_WARN_BOOL_CONVERSION = YES;
				CLANG_WARN_COMMA = YES;
				CLANG_WARN_CONSTANT_CONVERSION = YES;
				CLANG_WARN_DEPRECATED_OBJC_IMPLEMENTATIONS = YES;
				CLANG_WARN_DIRECT_OBJC_ISA_USAGE = YES_ERROR;
				CLANG_WARN_DOCUMENTATION_COMMENTS = YES;
				CLANG_WARN_EMPTY_BODY = YES;
				CLANG_WARN_ENUM_CONVERSION = YES;
				CLANG_WARN_INFINITE_RECURSION = YES;
				CLANG_WARN_INT_CONVERSION = YES;
				CLANG_WARN_NON_LITERAL_NULL_CONVERSION = YES;
				CLANG_WARN_OBJC_IMPLICIT_RETAIN_SELF = YES;
				CLANG_WARN_OBJC_LITERAL_CONVERSION = YES;
				CLANG_WARN_OBJC_ROOT_CLASS = YES_ERROR;
				CLANG_WARN_QUOTED_INCLUDE_IN_FRAMEWORK_HEADER = YES;
				CLANG_WARN_RANGE_LOOP_ANALYSIS = YES;
				CLANG_WARN_STRICT_PROTOTYPES = YES;
				CLANG_WARN_SUSPICIOUS_MOVE = YES;
				CLANG_WARN_UNGUARDED_AVAILABILITY = YES_AGGRESSIVE;
				CLANG_WARN_UNREACHABLE_CODE = YES;
				CLANG_WARN__DUPLICATE_METHOD_MATCH = YES;
				COPY_PHASE_STRIP = NO;
				DEBUG_INFORMATION_FORMAT = dwarf;
				ENABLE_STRICT_OBJC_MSGSEND = YES;
				ENABLE_TESTABILITY = YES;
				GCC_C_LANGUAGE_STANDARD = gnu11;
				GCC_DYNAMIC_NO_PIC = NO;
				GCC_NO_COMMON_BLOCKS = YES;
				GCC_OPTIMIZATION_LEVEL = 0;
				GCC_PREPROCESSOR_DEFINITIONS = (
					"DEBUG=1",
					"$(inherited)",
				);
				GCC_WARN_64_TO_32_BIT_CONVERSION = YES;
				GCC_WARN_ABOUT_RETURN_TYPE = YES_ERROR;
				GCC_WARN_UNDECLARED_SELECTOR = YES;
				GCC_WARN_UNINITIALIZED_AUTOS = YES_AGGRESSIVE;
				GCC_WARN_UNUSED_FUNCTION = YES;
				GCC_WARN_UNUSED_VARIABLE = YES;
				IPHONEOS_DEPLOYMENT_TARGET = 14.1;
				MTL_ENABLE_DEBUG_INFO = INCLUDE_SOURCE;
				MTL_FAST_MATH = YES;
				ONLY_ACTIVE_ARCH = YES;
				SDKROOT = iphoneos;
				SWIFT_ACTIVE_COMPILATION_CONDITIONS = DEBUG;
				SWIFT_OPTIMIZATION_LEVEL = "-Onone";
			};
			name = Debug;
		};
		ADBB7BC725A4E4D40081C6AB /* Release */ = {
			isa = XCBuildConfiguration;
			buildSettings = {
				ALWAYS_SEARCH_USER_PATHS = NO;
				CLANG_ANALYZER_NONNULL = YES;
				CLANG_ANALYZER_NUMBER_OBJECT_CONVERSION = YES_AGGRESSIVE;
				CLANG_CXX_LANGUAGE_STANDARD = "gnu++14";
				CLANG_CXX_LIBRARY = "libc++";
				CLANG_ENABLE_MODULES = YES;
				CLANG_ENABLE_OBJC_ARC = YES;
				CLANG_ENABLE_OBJC_WEAK = YES;
				CLANG_WARN_BLOCK_CAPTURE_AUTORELEASING = YES;
				CLANG_WARN_BOOL_CONVERSION = YES;
				CLANG_WARN_COMMA = YES;
				CLANG_WARN_CONSTANT_CONVERSION = YES;
				CLANG_WARN_DEPRECATED_OBJC_IMPLEMENTATIONS = YES;
				CLANG_WARN_DIRECT_OBJC_ISA_USAGE = YES_ERROR;
				CLANG_WARN_DOCUMENTATION_COMMENTS = YES;
				CLANG_WARN_EMPTY_BODY = YES;
				CLANG_WARN_ENUM_CONVERSION = YES;
				CLANG_WARN_INFINITE_RECURSION = YES;
				CLANG_WARN_INT_CONVERSION = YES;
				CLANG_WARN_NON_LITERAL_NULL_CONVERSION = YES;
				CLANG_WARN_OBJC_IMPLICIT_RETAIN_SELF = YES;
				CLANG_WARN_OBJC_LITERAL_CONVERSION = YES;
				CLANG_WARN_OBJC_ROOT_CLASS = YES_ERROR;
				CLANG_WARN_QUOTED_INCLUDE_IN_FRAMEWORK_HEADER = YES;
				CLANG_WARN_RANGE_LOOP_ANALYSIS = YES;
				CLANG_WARN_STRICT_PROTOTYPES = YES;
				CLANG_WARN_SUSPICIOUS_MOVE = YES;
				CLANG_WARN_UNGUARDED_AVAILABILITY = YES_AGGRESSIVE;
				CLANG_WARN_UNREACHABLE_CODE = YES;
				CLANG_WARN__DUPLICATE_METHOD_MATCH = YES;
				COPY_PHASE_STRIP = NO;
				DEBUG_INFORMATION_FORMAT = "dwarf-with-dsym";
				ENABLE_NS_ASSERTIONS = NO;
				ENABLE_STRICT_OBJC_MSGSEND = YES;
				GCC_C_LANGUAGE_STANDARD = gnu11;
				GCC_NO_COMMON_BLOCKS = YES;
				GCC_WARN_64_TO_32_BIT_CONVERSION = YES;
				GCC_WARN_ABOUT_RETURN_TYPE = YES_ERROR;
				GCC_WARN_UNDECLARED_SELECTOR = YES;
				GCC_WARN_UNINITIALIZED_AUTOS = YES_AGGRESSIVE;
				GCC_WARN_UNUSED_FUNCTION = YES;
				GCC_WARN_UNUSED_VARIABLE = YES;
				IPHONEOS_DEPLOYMENT_TARGET = 14.1;
				MTL_ENABLE_DEBUG_INFO = NO;
				MTL_FAST_MATH = YES;
				SDKROOT = iphoneos;
				SWIFT_COMPILATION_MODE = wholemodule;
				SWIFT_OPTIMIZATION_LEVEL = "-O";
				VALIDATE_PRODUCT = YES;
			};
			name = Release;
		};
		ADBB7BC925A4E4D40081C6AB /* Debug */ = {
			isa = XCBuildConfiguration;
			buildSettings = {
				ASSETCATALOG_COMPILER_APPICON_NAME = AppIcon;
				ASSETCATALOG_COMPILER_GLOBAL_ACCENT_COLOR_NAME = AccentColor;
				CODE_SIGN_STYLE = Automatic;
				INFOPLIST_FILE = "app-without-storyboard/Info.plist";
				LD_RUNPATH_SEARCH_PATHS = (
					"$(inherited)",
					"@executable_path/Frameworks",
				);
				PRODUCT_BUNDLE_IDENTIFIER = "com.ayushmahajan.app-without-storyboard";
				PRODUCT_NAME = "$(TARGET_NAME)";
				SWIFT_VERSION = 5.0;
				TARGETED_DEVICE_FAMILY = "1,2";
			};
			name = Debug;
		};
		ADBB7BCA25A4E4D40081C6AB /* Release */ = {
			isa = XCBuildConfiguration;
			buildSettings = {
				ASSETCATALOG_COMPILER_APPICON_NAME = AppIcon;
				ASSETCATALOG_COMPILER_GLOBAL_ACCENT_COLOR_NAME = AccentColor;
				CODE_SIGN_STYLE = Automatic;
				INFOPLIST_FILE = "app-without-storyboard/Info.plist";
				LD_RUNPATH_SEARCH_PATHS = (
					"$(inherited)",
					"@executable_path/Frameworks",
				);
				PRODUCT_BUNDLE_IDENTIFIER = "com.ayushmahajan.app-without-storyboard";
				PRODUCT_NAME = "$(TARGET_NAME)";
				SWIFT_VERSION = 5.0;
				TARGETED_DEVICE_FAMILY = "1,2";
			};
			name = Release;
		};
/* End XCBuildConfiguration section */

/* Begin XCConfigurationList section */
		ADBB7BAF25A4E4D30081C6AB /* Build configuration list for PBXProject "app-without-storyboard" */ = {
			isa = XCConfigurationList;
			buildConfigurations = (
				ADBB7BC625A4E4D40081C6AB /* Debug */,
				ADBB7BC725A4E4D40081C6AB /* Release */,
			);
			defaultConfigurationIsVisible = 0;
			defaultConfigurationName = Release;
		};
		ADBB7BC825A4E4D40081C6AB /* Build configuration list for PBXNativeTarget "app-without-storyboard" */ = {
			isa = XCConfigurationList;
			buildConfigurations = (
				ADBB7BC925A4E4D40081C6AB /* Debug */,
				ADBB7BCA25A4E4D40081C6AB /* Release */,
			);
			defaultConfigurationIsVisible = 0;
			defaultConfigurationName = Release;
		};
/* End XCConfigurationList section */
	};
	rootObject = ADBB7BAC25A4E4D30081C6AB /* Project object */;
}
